<?xml version="1.0" encoding="utf-8"?>
<Project ToolsVersion="4.0" xmlns="http://schemas.microsoft.com/developer/msbuild/2003">
  <ItemGroup>
    <Filter Include="Source Files">
      <UniqueIdentifier>{4FC737F1-C7A5-4376-A066-2A32D752A2FF}</UniqueIdentifier>
      <Extensions>cpp;c;cc;cxx;def;odl;idl;hpj;bat;asm;asmx</Extensions>
    </Filter>
    <Filter Include="Header Files">
      <UniqueIdentifier>{93995380-89BD-4b04-88EB-625FBE52EBFB}</UniqueIdentifier>
      <Extensions>h;hh;hpp;hxx;hm;inl;inc;xsd</Extensions>
    </Filter>
    <Filter Include="Resource Files">
      <UniqueIdentifier>{67DA6AB6-F800-4c08-8B7A-83BB121AAD01}</UniqueIdentifier>
      <Extensions>rc;ico;cur;bmp;dlg;rc2;rct;bin;rgs;gif;jpg;jpeg;jpe;resx;tiff;tif;png;wav</Extensions>
    </Filter>
    <Filter Include="Header Files\IB_IMP">
      <UniqueIdentifier>{95eca7e2-b916-43d4-9f7f-fcea4744d35c}</UniqueIdentifier>
    </Filter>
    <Filter Include="Source Files\IB_IMP">
      <UniqueIdentifier>{e2eb0295-2afa-46cb-b540-21b98f735017}</UniqueIdentifier>
    </Filter>
  </ItemGroup>
  <ItemGroup>
    <ClCompile Include="testclientcpp\AccountSummaryTags.cpp">
      <Filter>Source Files</Filter>
    </ClCompile>
    <ClCompile Include="testclientcpp\AvailableAlgoParams.cpp">
      <Filter>Source Files</Filter>
    </ClCompile>
    <ClCompile Include="testclientcpp\ContractSamples.cpp">
      <Filter>Source Files</Filter>
    </ClCompile>
    <ClCompile Include="testclientcpp\Main.cpp">
      <Filter>Source Files</Filter>
    </ClCompile>
    <ClCompile Include="testclientcpp\OrderSamples.cpp">
      <Filter>Source Files</Filter>
    </ClCompile>
    <ClCompile Include="testclientcpp\ScannerSubscriptionSamples.cpp">
      <Filter>Source Files</Filter>
    </ClCompile>
    <ClCompile Include="testclientcpp\StdAfx.cpp">
      <Filter>Source Files</Filter>
    </ClCompile>
    <ClCompile Include="testclientcpp\TestCppClient.cpp">
      <Filter>Source Files</Filter>
    </ClCompile>
    <ClCompile Include="testclientcpp\Utils.cpp">
      <Filter>Source Files</Filter>
    </ClCompile>
    <ClCompile Include="Stock.cpp">
      <Filter>Source Files</Filter>
    </ClCompile>
    <ClCompile Include="Trade.cpp">
      <Filter>Source Files</Filter>
    </ClCompile>
    <ClCompile Include="Scanner.cpp">
      <Filter>Source Files</Filter>
    </ClCompile>
    <ClCompile Include="IB_Level_1_Data.cpp">
      <Filter>Source Files\IB_IMP</Filter>
    </ClCompile>
    <ClCompile Include="IB_Level_2_Data.cpp">
      <Filter>Source Files\IB_IMP</Filter>
    </ClCompile>
    <ClCompile Include="Controller.cpp">
      <Filter>Source Files</Filter>
    </ClCompile>
    <ClCompile Include="Pattren.cpp">
      <Filter>Source Files</Filter>
    </ClCompile>
    <ClCompile Include="IB_Order.cpp">
      <Filter>Source Files</Filter>
    </ClCompile>
    <ClCompile Include="IOrder.cpp">
      <Filter>Source Files</Filter>
    </ClCompile>
    <ClCompile Include="TimeM.cpp">
      <Filter>Source Files</Filter>
    </ClCompile>
    <ClCompile Include="IB_Historical_Data.cpp">
      <Filter>Source Files\IB_IMP</Filter>
    </ClCompile>
    <ClCompile Include="ContractType.cpp">
      <Filter>Source Files</Filter>
    </ClCompile>
  </ItemGroup>
  <ItemGroup>
    <ClInclude Include="testclientcpp\AccountSummaryTags.h">
      <Filter>Header Files</Filter>
    </ClInclude>
    <ClInclude Include="testclientcpp\AvailableAlgoParams.h">
      <Filter>Header Files</Filter>
    </ClInclude>
    <ClInclude Include="testclientcpp\ContractSamples.h">
      <Filter>Header Files</Filter>
    </ClInclude>
    <ClInclude Include="testclientcpp\FAMethodSamples.h">
      <Filter>Header Files</Filter>
    </ClInclude>
    <ClInclude Include="testclientcpp\OrderSamples.h">
      <Filter>Header Files</Filter>
    </ClInclude>
    <ClInclude Include="testclientcpp\ScannerSubscriptionSamples.h">
      <Filter>Header Files</Filter>
    </ClInclude>
    <ClInclude Include="testclientcpp\StdAfx.h">
      <Filter>Header Files</Filter>
    </ClInclude>
    <ClInclude Include="testclientcpp\TestCppClient.h">
      <Filter>Header Files</Filter>
    </ClInclude>
    <ClInclude Include="testclientcpp\Utils.h">
      <Filter>Header Files</Filter>
    </ClInclude>
    <ClInclude Include="Stock.h">
      <Filter>Header Files</Filter>
    </ClInclude>
    <ClInclude Include="Trade.h">
      <Filter>Header Files</Filter>
    </ClInclude>
    <ClInclude Include="Scanner.h">
      <Filter>Header Files</Filter>
    </ClInclude>
    <ClInclude Include="ILevel_1_Data.h">
      <Filter>Header Files</Filter>
    </ClInclude>
    <ClInclude Include="ILevel_2_Data.h">
      <Filter>Header Files</Filter>
    </ClInclude>
    <ClInclude Include="IB_Level_1_Data.h">
      <Filter>Header Files\IB_IMP</Filter>
    </ClInclude>
    <ClInclude Include="IB_Level_2_Data.h">
      <Filter>Header Files\IB_IMP</Filter>
    </ClInclude>
    <ClInclude Include="Controller.h">
      <Filter>Header Files</Filter>
    </ClInclude>
    <ClInclude Include="Pattren.h">
      <Filter>Header Files</Filter>
    </ClInclude>
    <ClInclude Include="IB_Order.h">
      <Filter>Header Files\IB_IMP</Filter>
    </ClInclude>
    <ClInclude Include="IB_Fun_Adapter.h">
      <Filter>Header Files\IB_IMP</Filter>
    </ClInclude>
    <ClInclude Include="resource.h">
      <Filter>Header Files</Filter>
    </ClInclude>
    <ClInclude Include="IOrder.h">
      <Filter>Header Files</Filter>
    </ClInclude>
    <ClInclude Include="TimeM.h">
      <Filter>Header Files</Filter>
    </ClInclude>
    <ClInclude Include="IHistorical_Data.h">
      <Filter>Header Files</Filter>
    </ClInclude>
    <ClInclude Include="IB_Historical_Data.h">
      <Filter>Header Files\IB_IMP</Filter>
    </ClInclude>
    <ClInclude Include="ContractType.h">
      <Filter>Header Files</Filter>
    </ClInclude>
    <ClInclude Include="UniqueID.h">
      <Filter>Header Files</Filter>
    </ClInclude>
    <ClInclude Include="CandleStick.h">
      <Filter>Header Files</Filter>
    </ClInclude>
  </ItemGroup>
  <ItemGroup>
    <ResourceCompile Include="AutoTrader.rc">
      <Filter>Resource Files</Filter>
    </ResourceCompile>
  </ItemGroup>
</Project>